%{
  "active": {:hex, :active, "6.1.1", "eb6e403c03b4fcd1c0ce3e62c8655c82f5cef4f65249ef75fef1b2b7ed212680", [:mix, :rebar3], [{:fs, "~> 6.1.1", [hex: :fs, repo: "hexpm", optional: false]}], "hexpm", "e34080d6131dc835fac093eb1232db26baa33b279abd27a986b2d5de8221966c"},
  "amqp_client": {:hex, :amqp_client, "3.11.13", "ddcf0859e80e56081b2436de0906d13fa616e62775a32422f34e0efaebec0011", [:make, :rebar3], [{:rabbit_common, "3.11.13", [hex: :rabbit_common, repo: "hexpm", optional: false]}], "hexpm", "a9b29cead92daa811313bea5da78b9b22c58b7f06aca3ccb9e6b3943832a25f0"},
  "base16": {:git, "https://github.com/goj/base16.git", "f78918e7b593fbdc35ec9bcc349aa50f47f45a8b", [tag: "1.0.0"]},
  "bbmustache": {:hex, :bbmustache, "1.11.0", "a6dbfc5cee3e1d7d17aad5f5b8880b4508d974611da8d73e1f6c28bde65d4c47", [:rebar3], [], "hexpm", "7c9cdcf58dc043377ab792a8c7109d8902695fcae3b35c1078a8b38ddcf86e5f"},
  "bear": {:hex, :bear, "1.0.0", "430419c1126b477686cde843e88ba0f2c7dc5cdf0881c677500074f704339a99", [:rebar3], [], "hexpm", "157b67901adf84ff0da6eae035ca1292a0ac18aa55148154d8c582b2c68959db"},
  "certifi": {:hex, :certifi, "2.9.0", "6f2a475689dd47f19fb74334859d460a2dc4e3252a3324bd2111b8f0429e7e21", [:rebar3], [], "hexpm", "266da46bdb06d6c6d35fde799bcb28d36d985d424ad7c08b5bb48f5b5cdd4641"},
  "credentials_obfuscation": {:hex, :credentials_obfuscation, "3.2.0", "becf48ed7c96938600f88f486031bcbf9b9c4e3353cc314ca131c347c4c7815c", [:rebar3], [], "hexpm", "fe8ece91a1ba6c8a08eb1063cfd5b063a723c5fe29a1fad6b7cbd76cb18d2eeb"},
  "dotenvy": {:hex, :dotenvy, "0.7.0", "a4a21db71d11e2e9a25eef7533d8a7cf793cc4b15d10fe149f063977ecf0e5f5", [:mix], [], "hexpm", "7895e8129fd75cb46d29fe6929bb568f816e511c0629bef550b5f75a0666aa16"},
  "erldocker": {:git, "https://github.com/Phonebooth/erldocker.git", "dda7c4861bca156592c46fdd9199f1621b93b2d9", [branch: "feature/erlang_24"]},
  "erlexec": {:hex, :erlexec, "1.21.0", "748af41a9b77fde69bb82d5ec37e37384d4f849f971687de49d57e8cb59422ea", [:rebar3], [], "hexpm", "826616a344d1bc0a35c9d2c7175478166f607a4e3b14c878229fd405694d65c0"},
  "erlsh": {:git, "https://github.com/proger/erlsh.git", "4e8a107e4a082b5e687877cf08d152a45a715bf4", [tag: "2"]},
  "exometer_core": {:git, "https://github.com/fkrause98/exometer_core.git", "8eb43a931234897a051c41d91b38c15994c442db", []},
  "external_config": {:hex, :external_config, "0.1.1", "1bd8e32d915ae2a743909a5ac671d13ae52f8fa8f8b60c38ac6dca7e08619236", [:mix], [], "hexpm", "2037172f848ddba5104445fc3bdafb1dd7281345c7775c1af947e27bc18c8e05"},
  "flatlog": {:git, "https://github.com/ferd/flatlog.git", "553ef2b09c8a3d2b02c7395251cee397f7cb3839", [tag: "v0.1.2"]},
  "fn": {:hex, :fn, "1.0.0", "b9df741c9146b37b55f63b670591011de7f86a984bef8e11b51b09d47179a353", [:rebar3], [], "hexpm", "1433b353c8739bb28ac0d6826c9f6a05033f158e8c8195faf01a863668b3bbc7"},
  "folsom": {:hex, :folsom, "1.0.0", "50ecc998d2149939f1d5e0aa3e32788f8ed16a58e390d81b5c0be4cc4ef25589", [:rebar3], [{:bear, "1.0.0", [hex: :bear, repo: "hexpm", optional: false]}], "hexpm", "dd6ab97278e94f9e4cfc43e188224a7b8c7eaec0dd2e935007005177f3eebb0e"},
  "fs": {:hex, :fs, "6.1.1", "9d147b944d60cfa48a349f12d06c8ee71128f610c90870bdf9a6773206452ed0", [:rebar3], [], "hexpm", "ef94e95ffe79916860649fed80ac62b04c322b0bb70f5128144c026b4d171f8b"},
  "gproc": {:hex, :gproc, "0.9.0", "853ccb7805e9ada25d227a157ba966f7b34508f386a3e7e21992b1b484230699", [:rebar3], [], "hexpm", "587e8af698ccd3504cf4ba8d90f893ede2b0f58cabb8a916e2bf9321de3cf10b"},
  "hackney": {:git, "https://github.com/benoitc/hackney.git", "3f6d481ffbf4ddacc1c7fe1614030a06f39e04cc", [tag: "1.18.1"]},
  "idna": {:hex, :idna, "6.1.1", "8a63070e9f7d0c62eb9d9fcb360a7de382448200fbbd1b106cc96d3d8099df8d", [:rebar3], [{:unicode_util_compat, "~> 0.7.0", [hex: :unicode_util_compat, repo: "hexpm", optional: false]}], "hexpm", "92376eb7894412ed19ac475e4a86f7b413c1b9fbb5bd16dccd57934157944cea"},
  "jason": {:hex, :jason, "1.4.0", "e855647bc964a44e2f67df589ccf49105ae039d4179db7f6271dfd3843dc27e6", [:mix], [{:decimal, "~> 1.0 or ~> 2.0", [hex: :decimal, repo: "hexpm", optional: true]}], "hexpm", "79a3791085b2a0f743ca04cec0f7be26443738779d09302e01318f97bdb82121"},
  "jsn": {:hex, :jsn, "2.1.4", "e631213fdb296422381c1927501001205774c91fcd728bf3202cf674c9699c69", [:rebar3], [], "hexpm", "2d1397263be44e156cef871e3eff9903e76ba6d8b9dde5c6771f7e56c2f060fb"},
  "json": {:hex, :json, "1.4.1", "8648f04a9439765ad449bc56a3ff7d8b11dd44ff08ffcdefc4329f7c93843dfa", [:mix], [], "hexpm", "9abf218dbe4ea4fcb875e087d5f904ef263d012ee5ed21d46e9dbca63f053d16"},
  "jsx": {:git, "https://github.com/talentdeficit/jsx.git", "2ecf598b5f1192acf63baeed1dc7fa45149b4e35", [tag: "v2.8.3"]},
  "logger_file_backend": {:hex, :logger_file_backend, "0.0.13", "df07b14970e9ac1f57362985d76e6f24e3e1ab05c248055b7d223976881977c2", [:mix], [], "hexpm", "71a453a7e6e899ae4549fb147b1c6621f4233f8f48f58ca10a64ec67b6c50018"},
  "metrics": {:hex, :metrics, "1.0.1", "25f094dea2cda98213cecc3aeff09e940299d950904393b2a29d191c346a8486", [:rebar3], [], "hexpm", "69b09adddc4f74a40716ae54d140f93beb0fb8978d8636eaded0c31b6f099f16"},
  "mimerl": {:hex, :mimerl, "1.2.0", "67e2d3f571088d5cfd3e550c383094b47159f3eee8ffa08e64106cdf5e981be3", [:rebar3], [], "hexpm", "f278585650aa581986264638ebf698f8bb19df297f66ad91b18910dfc6e19323"},
  "norm": {:hex, :norm, "0.13.0", "2c562113f3205e3f195ee288d3bd1ab903743e7e9f3282562c56c61c4d95dec4", [:mix], [{:stream_data, "~> 0.5", [hex: :stream_data, repo: "hexpm", optional: true]}], "hexpm", "447cc96dd2d0e19dcb37c84b5fc0d6842aad69386e846af048046f95561d46d7"},
  "observer_cli": {:hex, :observer_cli, "1.7.4", "3c1bfb6d91bf68f6a3d15f46ae20da0f7740d363ee5bc041191ce8722a6c4fae", [:mix, :rebar3], [{:recon, "~> 2.5.1", [hex: :recon, repo: "hexpm", optional: false]}], "hexpm", "50de6d95d814f447458bd5d72666a74624eddb0ef98bdcee61a0153aae0865ff"},
  "parse_trans": {:hex, :parse_trans, "3.4.1", "6e6aa8167cb44cc8f39441d05193be6e6f4e7c2946cb2759f015f8c56b76e5ff", [:rebar3], [], "hexpm", "620a406ce75dada827b82e453c19cf06776be266f5a67cff34e1ef2cbb60e49a"},
  "quickrand": {:hex, :quickrand, "2.0.5", "06fcad85cb47d5c85c51d6bc9c84a082501ba098a89d64ad0a2f69599e034c04", [:rebar3], [], "hexpm", "252cf0493570ebf1a58985cb71990982cddcd4396b6427f1e10cf58924c1c052"},
  "rabbit_common": {:hex, :rabbit_common, "3.11.13", "9797373b8cecb53d762eda729bad974d2a5952c8bb498d33e64790f2d42f9a16", [:make, :rebar3], [{:credentials_obfuscation, "3.2.0", [hex: :credentials_obfuscation, repo: "hexpm", optional: false]}, {:recon, "2.5.3", [hex: :recon, repo: "hexpm", optional: false]}, {:thoas, "1.0.0", [hex: :thoas, repo: "hexpm", optional: false]}], "hexpm", "3d23b60853e92d372ff3541fa333987afb118855542c486962c5c656954d55af"},
  "recon": {:hex, :recon, "2.5.3", "739107b9050ea683c30e96de050bc59248fd27ec147696f79a8797ff9fa17153", [:mix, :rebar3], [], "hexpm", "6c6683f46fd4a1dfd98404b9f78dcabc7fcd8826613a89dcb984727a8c3099d7"},
  "riax_hut": {:hex, :riax_hut, "1.3.0", "e597eaa5a3cd64498ec097d3029ffc076a359ace8bb36ab55750254e14fd61ab", [:"erlang.mk", :rebar3], [], "hexpm", "a9eabd1aae9233c3d9f5a9836fb3867ddb6e3dd6232ff7bbb5ad77335f557589"},
  "setup": {:hex, :setup, "2.1.0", "05f69185a5eb71474c9bc6ba892565651ec7507791f85632b7b914dbfe130510", [:rebar3], [], "hexpm", "efd072578f0cf85bea96caaffc7adb0992398272522660a136e10567377071c5"},
  "ssl_verify_fun": {:hex, :ssl_verify_fun, "1.1.6", "cf344f5692c82d2cd7554f5ec8fd961548d4fd09e7d22f5b62482e5aeaebd4b0", [:make, :mix, :rebar3], [], "hexpm", "bdb0d2471f453c88ff3908e7686f86f9be327d065cc1ec16fa4540197ea04680"},
  "thoas": {:hex, :thoas, "1.0.0", "567c03902920827a18a89f05b79a37b5bf93553154b883e0131801600cf02ce0", [:rebar3], [], "hexpm", "fc763185b932ecb32a554fb735ee03c3b6b1b31366077a2427d2a97f3bd26735"},
  "toml": {:hex, :toml, "0.7.0", "fbcd773caa937d0c7a02c301a1feea25612720ac3fa1ccb8bfd9d30d822911de", [:mix], [], "hexpm", "0690246a2478c1defd100b0c9b89b4ea280a22be9a7b313a8a058a2408a2fa70"},
  "turtle": {:git, "https://github.com/relaypro-open/turtle.git", "f05dc9d416459d0b011c5398301d9ea0e8eea156", [branch: "feature/erlang_24"]},
  "unicode_util_compat": {:hex, :unicode_util_compat, "0.7.0", "bc84380c9ab48177092f43ac89e4dfa2c6d62b40b8bd132b1059ecc7232f9a78", [:rebar3], [], "hexpm", "25eee6d67df61960cf6a794239566599b09e17e668d3700247bc498638152521"},
  "uuid": {:hex, :uuid_erl, "2.0.5", "60faeeb7edfd40847ed13cb0dd1044baabe4e79a00c0ca9c4d13a073914b1016", [:rebar3], [{:quickrand, ">= 2.0.5", [hex: :quickrand, repo: "hexpm", optional: false]}], "hexpm", "e54373262ca88401689277947c54b95e9ecbc977bd5c57c9dd44ad9da278e360"},
  "vapor": {:hex, :vapor, "0.10.0", "547a94b381093dea61a4ca2200109385b6e44b86d72d1ebf93e5ac1a8873bc3c", [:mix], [{:jason, "~> 1.1", [hex: :jason, repo: "hexpm", optional: false]}, {:norm, "~> 0.9", [hex: :norm, repo: "hexpm", optional: false]}, {:toml, "~> 0.3", [hex: :toml, repo: "hexpm", optional: false]}, {:yaml_elixir, "~> 2.1", [hex: :yaml_elixir, repo: "hexpm", optional: false]}], "hexpm", "ee6d089a71309647a0a2a2ae6cf3bea61739a983e8c1310d53ff04b1493afbc1"},
  "yamerl": {:hex, :yamerl, "0.10.0", "4ff81fee2f1f6a46f1700c0d880b24d193ddb74bd14ef42cb0bcf46e81ef2f8e", [:rebar3], [], "hexpm", "346adb2963f1051dc837a2364e4acf6eb7d80097c0f53cbdc3046ec8ec4b4e6e"},
  "yaml_elixir": {:hex, :yaml_elixir, "2.9.0", "9a256da867b37b8d2c1ffd5d9de373a4fda77a32a45b452f1708508ba7bbcb53", [:mix], [{:yamerl, "~> 0.10", [hex: :yamerl, repo: "hexpm", optional: false]}], "hexpm", "0cb0e7d4c56f5e99a6253ed1a670ed0e39c13fc45a6da054033928607ac08dfc"},
}
